
Microsoft Visual Studio Solution File, Format Version 12.00
# Visual Studio Version 16
VisualStudioVersion = 16.0.30621.155
MinimumVisualStudioVersion = 10.0.40219.1
Project("{FAE04EC0-301F-11D3-BF4B-00C04F79EFBC}") = "LogoDiy", "LogoDiy\LogoDiy.csproj", "{3DF19333-D9AA-4CFD-8B0F-21DF0916508C}"
EndProject
Global
	GlobalSection(SolutionConfigurationPlatforms) = preSolution
		Debug|Any CPU = Debug|Any CPU
		Release|Any CPU = Release|Any CPU
	EndGlobalSection
	GlobalSection(ProjectConfigurationPlatforms) = postSolution
		{3DF19333-D9AA-4CFD-8B0F-21DF0916508C}.Debug|Any CPU.ActiveCfg = Debug|Any CPU
		{3DF19333-D9AA-4CFD-8B0F-21DF0916508C}.Debug|Any CPU.Build.0 = Debug|Any CPU
		{3DF19333-D9AA-4CFD-8B0F-21DF0916508C}.Release|Any CPU.ActiveCfg = Release|Any CPU
		{3DF19333-D9AA-4CFD-8B0F-21DF0916508C}.Release|Any CPU.Build.0 = Release|Any CPU
	EndGlobalSection
	GlobalSection(SolutionProperties) = preSolution
		HideSolutionNode = FALSE
	EndGlobalSection
	GlobalSection(ExtensibilityGlobals) = postSolution
		SolutionGuid = {6278FE5B-0A18-4BFF-B6BF-9F6146BDAB45}
	EndGlobalSection
EndGlobal
